// !$*UTF8*$!
{
	archiveVersion = 1;
	classes = {
	};
	objectVersion = 46;
	objects = {

/* Begin PBXBuildFile section */
		915710611CE4A834005839C5 /* Player.swift in Sources */ = {isa = PBXBuildFile; fileRef = 915710601CE4A834005839C5 /* Player.swift */; };
		915710631CE4A842005839C5 /* Croupier.swift in Sources */ = {isa = PBXBuildFile; fileRef = 915710621CE4A842005839C5 /* Croupier.swift */; };
		915710651CE4A854005839C5 /* Card.swift in Sources */ = {isa = PBXBuildFile; fileRef = 915710641CE4A854005839C5 /* Card.swift */; };
		915710671CE4A871005839C5 /* Sabot.swift in Sources */ = {isa = PBXBuildFile; fileRef = 915710661CE4A871005839C5 /* Sabot.swift */; };
		915710691CE4B0DB005839C5 /* DataModels.swift in Sources */ = {isa = PBXBuildFile; fileRef = 915710681CE4B0DB005839C5 /* DataModels.swift */; };
		91F4A2371CE324BE00AB9F45 /* AppDelegate.swift in Sources */ = {isa = PBXBuildFile; fileRef = 91F4A2361CE324BE00AB9F45 /* AppDelegate.swift */; };
		91F4A2391CE324BE00AB9F45 /* ViewController.swift in Sources */ = {isa = PBXBuildFile; fileRef = 91F4A2381CE324BE00AB9F45 /* ViewController.swift */; };
		91F4A23C1CE324BE00AB9F45 /* Main.storyboard in Resources */ = {isa = PBXBuildFile; fileRef = 91F4A23A1CE324BE00AB9F45 /* Main.storyboard */; };
		91F4A23E1CE324BE00AB9F45 /* Assets.xcassets in Resources */ = {isa = PBXBuildFile; fileRef = 91F4A23D1CE324BE00AB9F45 /* Assets.xcassets */; };
		91F4A2411CE324BE00AB9F45 /* LaunchScreen.storyboard in Resources */ = {isa = PBXBuildFile; fileRef = 91F4A23F1CE324BE00AB9F45 /* LaunchScreen.storyboard */; };
/* End PBXBuildFile section */

/* Begin PBXFileReference section */
		915710601CE4A834005839C5 /* Player.swift */ = {isa = PBXFileReference; fileEncoding = 4; lastKnownFileType = sourcecode.swift; path = Player.swift; sourceTree = "<group>"; };
		915710621CE4A842005839C5 /* Croupier.swift */ = {isa = PBXFileReference; fileEncoding = 4; lastKnownFileType = sourcecode.swift; path = Croupier.swift; sourceTree = "<group>"; };
		915710641CE4A854005839C5 /* Card.swift */ = {isa = PBXFileReference; fileEncoding = 4; lastKnownFileType = sourcecode.swift; path = Card.swift; sourceTree = "<group>"; };
		915710661CE4A871005839C5 /* Sabot.swift */ = {isa = PBXFileReference; fileEncoding = 4; lastKnownFileType = sourcecode.swift; path = Sabot.swift; sourceTree = "<group>"; };
		915710681CE4B0DB005839C5 /* DataModels.swift */ = {isa = PBXFileReference; fileEncoding = 4; lastKnownFileType = sourcecode.swift; path = DataModels.swift; sourceTree = "<group>"; };
		91F4A2331CE324BE00AB9F45 /* BlackJack.app */ = {isa = PBXFileReference; explicitFileType = wrapper.application; includeInIndex = 0; path = BlackJack.app; sourceTree = BUILT_PRODUCTS_DIR; };
		91F4A2361CE324BE00AB9F45 /* AppDelegate.swift */ = {isa = PBXFileReference; lastKnownFileType = sourcecode.swift; path = AppDelegate.swift; sourceTree = "<group>"; };
		91F4A2381CE324BE00AB9F45 /* ViewController.swift */ = {isa = PBXFileReference; lastKnownFileType = sourcecode.swift; path = ViewController.swift; sourceTree = "<group>"; };
		91F4A23B1CE324BE00AB9F45 /* Base */ = {isa = PBXFileReference; lastKnownFileType = file.storyboard; name = Base; path = Base.lproj/Main.storyboard; sourceTree = "<group>"; };
		91F4A23D1CE324BE00AB9F45 /* Assets.xcassets */ = {isa = PBXFileReference; lastKnownFileType = folder.assetcatalog; path = Assets.xcassets; sourceTree = "<group>"; };
		91F4A2401CE324BE00AB9F45 /* Base */ = {isa = PBXFileReference; lastKnownFileType = file.storyboard; name = Base; path = Base.lproj/LaunchScreen.storyboard; sourceTree = "<group>"; };
		91F4A2421CE324BE00AB9F45 /* Info.plist */ = {isa = PBXFileReference; lastKnownFileType = text.plist.xml; path = Info.plist; sourceTree = "<group>"; };
/* End PBXFileReference section */

/* Begin PBXFrameworksBuildPhase section */
		91F4A2301CE324BE00AB9F45 /* Frameworks */ = {
			isa = PBXFrameworksBuildPhase;
			buildActionMask = 2147483647;
			files = (
			);
			runOnlyForDeploymentPostprocessing = 0;
		};
/* End PBXFrameworksBuildPhase section */

/* Begin PBXGroup section */
		91F4A22A1CE324BE00AB9F45 = {
			isa = PBXGroup;
			children = (
				91F4A2351CE324BE00AB9F45 /* BlackJack */,
				91F4A2341CE324BE00AB9F45 /* Products */,
			);
			sourceTree = "<group>";
		};
		91F4A2341CE324BE00AB9F45 /* Products */ = {
			isa = PBXGroup;
			children = (
				91F4A2331CE324BE00AB9F45 /* BlackJack.app */,
			);
			name = Products;
			sourceTree = "<group>";
		};
		91F4A2351CE324BE00AB9F45 /* BlackJack */ = {
			isa = PBXGroup;
			children = (
				91F4A2361CE324BE00AB9F45 /* AppDelegate.swift */,
				91F4A2381CE324BE00AB9F45 /* ViewController.swift */,
				91F4A23A1CE324BE00AB9F45 /* Main.storyboard */,
				91F4A23D1CE324BE00AB9F45 /* Assets.xcassets */,
				91F4A23F1CE324BE00AB9F45 /* LaunchScreen.storyboard */,
				91F4A2421CE324BE00AB9F45 /* Info.plist */,
				915710601CE4A834005839C5 /* Player.swift */,
				915710621CE4A842005839C5 /* Croupier.swift */,
				915710641CE4A854005839C5 /* Card.swift */,
				915710661CE4A871005839C5 /* Sabot.swift */,
				915710681CE4B0DB005839C5 /* DataModels.swift */,
			);
			path = BlackJack;
			sourceTree = "<group>";
		};
/* End PBXGroup section */

/* Begin PBXNativeTarget section */
		91F4A2321CE324BE00AB9F45 /* BlackJack */ = {
			isa = PBXNativeTarget;
			buildConfigurationList = 91F4A2451CE324BE00AB9F45 /* Build configuration list for PBXNativeTarget "BlackJack" */;
			buildPhases = (
				91F4A22F1CE324BE00AB9F45 /* Sources */,
				91F4A2301CE324BE00AB9F45 /* Frameworks */,
				91F4A2311CE324BE00AB9F45 /* Resources */,
			);
			buildRules = (
			);
			dependencies = (
			);
			name = BlackJack;
			productName = BlackJack;
			productReference = 91F4A2331CE324BE00AB9F45 /* BlackJack.app */;
			productType = "com.apple.product-type.application";
		};
/* End PBXNativeTarget section */

/* Begin PBXProject section */
		91F4A22B1CE324BE00AB9F45 /* Project object */ = {
			isa = PBXProject;
			attributes = {
				LastSwiftUpdateCheck = 0730;
				LastUpgradeCheck = 0730;
				ORGANIZATIONNAME = "Fares - Camille";
				TargetAttributes = {
					91F4A2321CE324BE00AB9F45 = {
						CreatedOnToolsVersion = 7.3.1;
					};
				};
			};
			buildConfigurationList = 91F4A22E1CE324BE00AB9F45 /* Build configuration list for PBXProject "BlackJack" */;
			compatibilityVersion = "Xcode 3.2";
			developmentRegion = English;
			hasScannedForEncodings = 0;
			knownRegions = (
				en,
				Base,
			);
			mainGroup = 91F4A22A1CE324BE00AB9F45;
			productRefGroup = 91F4A2341CE324BE00AB9F45 /* Products */;
			projectDirPath = "";
			projectRoot = "";
			targets = (
				91F4A2321CE324BE00AB9F45 /* BlackJack */,
			);
		};
/* End PBXProject section */

/* Begin PBXResourcesBuildPhase section */
		91F4A2311CE324BE00AB9F45 /* Resources */ = {
			isa = PBXResourcesBuildPhase;
			buildActionMask = 2147483647;
			files = (
				91F4A2411CE324BE00AB9F45 /* LaunchScreen.storyboard in Resources */,
				91F4A23E1CE324BE00AB9F45 /* Assets.xcassets in Resources */,
				91F4A23C1CE324BE00AB9F45 /* Main.storyboard in Resources */,
			);
			runOnlyForDeploymentPostprocessing = 0;
		};
/* End PBXResourcesBuildPhase section */

/* Begin PBXSourcesBuildPhase section */
		91F4A22F1CE324BE00AB9F45 /* Sources */ = {
			isa = PBXSourcesBuildPhase;
			buildActionMask = 2147483647;
			files = (
				91F4A2391CE324BE00AB9F45 /* ViewController.swift in Sources */,
				915710671CE4A871005839C5 /* Sabot.swift in Sources */,
				915710611CE4A834005839C5 /* Player.swift in Sources */,
				915710651CE4A854005839C5 /* Card.swift in Sources */,
				915710691CE4B0DB005839C5 /* DataModels.swift in Sources */,
				915710631CE4A842005839C5 /* Croupier.swift in Sources */,
				91F4A2371CE324BE00AB9F45 /* AppDelegate.swift in Sources */,
			);
			runOnlyForDeploymentPostprocessing = 0;
		};
/* End PBXSourcesBuildPhase section */

/* Begin PBXVariantGroup section */
		91F4A23A1CE324BE00AB9F45 /* Main.storyboard */ = {
			isa = PBXVariantGroup;
			children = (
				91F4A23B1CE324BE00AB9F45 /* Base */,
			);
			name = Main.storyboard;
			sourceTree = "<group>";
		};
		91F4A23F1CE324BE00AB9F45 /* LaunchScreen.storyboard */ = {
			isa = PBXVariantGroup;
			children = (
				91F4A2401CE324BE00AB9F45 /* Base */,
			);
			name = LaunchScreen.storyboard;
			sourceTree = "<group>";
		};
/* End PBXVariantGroup section */

/* Begin XCBuildConfiguration section */
		91F4A2431CE324BE00AB9F45 /* Debug */ = {
			isa = XCBuildConfiguration;
			buildSettings = {
				ALWAYS_SEARCH_USER_PATHS = NO;
				CLANG_ANALYZER_NONNULL = YES;
				CLANG_CXX_LANGUAGE_STANDARD = "gnu++0x";
				CLANG_CXX_LIBRARY = "libc++";
				CLANG_ENABLE_MODULES = YES;
				CLANG_ENABLE_OBJC_ARC = YES;
				CLANG_WARN_BOOL_CONVERSION = YES;
				CLANG_WARN_CONSTANT_CONVERSION = YES;
				CLANG_WARN_DIRECT_OBJC_ISA_USAGE = YES_ERROR;
				CLANG_WARN_EMPTY_BODY = YES;
				CLANG_WARN_ENUM_CONVERSION = YES;
				CLANG_WARN_INT_CONVERSION = YES;
				CLANG_WARN_OBJC_ROOT_CLASS = YES_ERROR;
				CLANG_WARN_UNREACHABLE_CODE = YES;
				CLANG_WARN__DUPLICATE_METHOD_MATCH = YES;
				"CODE_SIGN_IDENTITY[sdk=iphoneos*]" = "iPhone Developer";
				COPY_PHASE_STRIP = NO;
				DEBUG_INFORMATION_FORMAT = dwarf;
				ENABLE_STRICT_OBJC_MSGSEND = YES;
				ENABLE_TESTABILITY = YES;
				GCC_C_LANGUAGE_STANDARD = gnu99;
				GCC_DYNAMIC_NO_PIC = NO;
				GCC_NO_COMMON_BLOCKS = YES;
				GCC_OPTIMIZATION_LEVEL = 0;
				GCC_PREPROCESSOR_DEFINITIONS = (
					"DEBUG=1",
					"$(inherited)",
				);
				GCC_WARN_64_TO_32_BIT_CONVERSION = YES;
				GCC_WARN_ABOUT_RETURN_TYPE = YES_ERROR;
				GCC_WARN_UNDECLARED_SELECTOR = YES;
				GCC_WARN_UNINITIALIZED_AUTOS = YES_AGGRESSIVE;
				GCC_WARN_UNUSED_FUNCTION = YES;
				GCC_WARN_UNUSED_VARIABLE = YES;
				IPHONEOS_DEPLOYMENT_TARGET = 9.3;
				MTL_ENABLE_DEBUG_INFO = YES;
				ONLY_ACTIVE_ARCH = YES;
				SDKROOT = iphoneos;
				SWIFT_OPTIMIZATION_LEVEL = "-Onone";
				TARGETED_DEVICE_FAMILY = "1,2";
			};
			name = Debug;
		};
		91F4A2441CE324BE00AB9F45 /* Release */ = {
			isa = XCBuildConfiguration;
			buildSettings = {
				ALWAYS_SEARCH_USER_PATHS = NO;
				CLANG_ANALYZER_NONNULL = YES;
				CLANG_CXX_LANGUAGE_STANDARD = "gnu++0x";
				CLANG_CXX_LIBRARY = "libc++";
				CLANG_ENABLE_MODULES = YES;
				CLANG_ENABLE_OBJC_ARC = YES;
				CLANG_WARN_BOOL_CONVERSION = YES;
				CLANG_WARN_CONSTANT_CONVERSION = YES;
				CLANG_WARN_DIRECT_OBJC_ISA_USAGE = YES_ERROR;
				CLANG_WARN_EMPTY_BODY = YES;
				CLANG_WARN_ENUM_CONVERSION = YES;
				CLANG_WARN_INT_CONVERSION = YES;
				CLANG_WARN_OBJC_ROOT_CLASS = YES_ERROR;
				CLANG_WARN_UNREACHABLE_CODE = YES;
				CLANG_WARN__DUPLICATE_METHOD_MATCH = YES;
				"CODE_SIGN_IDENTITY[sdk=iphoneos*]" = "iPhone Developer";
				COPY_PHASE_STRIP = NO;
				DEBUG_INFORMATION_FORMAT = "dwarf-with-dsym";
				ENABLE_NS_ASSERTIONS = NO;
				ENABLE_STRICT_OBJC_MSGSEND = YES;
				GCC_C_LANGUAGE_STANDARD = gnu99;
				GCC_NO_COMMON_BLOCKS = YES;
				GCC_WARN_64_TO_32_BIT_CONVERSION = YES;
				GCC_WARN_ABOUT_RETURN_TYPE = YES_ERROR;
				GCC_WARN_UNDECLARED_SELECTOR = YES;
				GCC_WARN_UNINITIALIZED_AUTOS = YES_AGGRESSIVE;
				GCC_WARN_UNUSED_FUNCTION = YES;
				GCC_WARN_UNUSED_VARIABLE = YES;
				IPHONEOS_DEPLOYMENT_TARGET = 9.3;
				MTL_ENABLE_DEBUG_INFO = NO;
				SDKROOT = iphoneos;
				TARGETED_DEVICE_FAMILY = "1,2";
				VALIDATE_PRODUCT = YES;
			};
			name = Release;
		};
		91F4A2461CE324BE00AB9F45 /* Debug */ = {
			isa = XCBuildConfiguration;
			buildSettings = {
				ASSETCATALOG_COMPILER_APPICON_NAME = AppIcon;
				INFOPLIST_FILE = BlackJack/Info.plist;
				LD_RUNPATH_SEARCH_PATHS = "$(inherited) @executable_path/Frameworks";
				PRODUCT_BUNDLE_IDENTIFIER = projet.BlackJack;
				PRODUCT_NAME = "$(TARGET_NAME)";
			};
			name = Debug;
		};
		91F4A2471CE324BE00AB9F45 /* Release */ = {
			isa = XCBuildConfiguration;
			buildSettings = {
				ASSETCATALOG_COMPILER_APPICON_NAME = AppIcon;
				INFOPLIST_FILE = BlackJack/Info.plist;
				LD_RUNPATH_SEARCH_PATHS = "$(inherited) @executable_path/Frameworks";
				PRODUCT_BUNDLE_IDENTIFIER = projet.BlackJack;
				PRODUCT_NAME = "$(TARGET_NAME)";
			};
			name = Release;
		};
/* End XCBuildConfiguration section */

/* Begin XCConfigurationList section */
		91F4A22E1CE324BE00AB9F45 /* Build configuration list for PBXProject "BlackJack" */ = {
			isa = XCConfigurationList;
			buildConfigurations = (
				91F4A2431CE324BE00AB9F45 /* Debug */,
				91F4A2441CE324BE00AB9F45 /* Release */,
			);
			defaultConfigurationIsVisible = 0;
			defaultConfigurationName = Release;
		};
		91F4A2451CE324BE00AB9F45 /* Build configuration list for PBXNativeTarget "BlackJack" */ = {
			isa = XCConfigurationList;
			buildConfigurations = (
				91F4A2461CE324BE00AB9F45 /* Debug */,
				91F4A2471CE324BE00AB9F45 /* Release */,
			);
			defaultConfigurationIsVisible = 0;
			defaultConfigurationName = Release;
		};
/* End XCConfigurationList section */
	};
	rootObject = 91F4A22B1CE324BE00AB9F45 /* Project object */;
}
